Microsoft Visual Studio Solution File, Format Version 8.00
Project("{8BC9CEB8-8B4A-11D0-8D11-00A0C91BC942}") = "Win2DS", "Win2DS.vcproj", "{E1BC0D38-5343-427E-AEBC-D11755ACD313}"
	ProjectSection(ProjectDependencies) = postProject
	EndProjectSection
EndProject
Global
	GlobalSection(SolutionConfiguration) = preSolution
		Debug = Debug
		Release = Release
	EndGlobalSection
	GlobalSection(ProjectConfiguration) = postSolution
		{E1BC0D38-5343-427E-AEBC-D11755ACD313}.Debug.ActiveCfg = Debug|Win32
		{E1BC0D38-5343-427E-AEBC-D11755ACD313}.Debug.Build.0 = Debug|Win32
		{E1BC0D38-5343-427E-AEBC-D11755ACD313}.Release.ActiveCfg = Release|Win32
		{E1BC0D38-5343-427E-AEBC-D11755ACD313}.Release.Build.0 = Release|Win32
	EndGlobalSection
	GlobalSection(ExtensibilityGlobals) = postSolution
	EndGlobalSection
	GlobalSection(ExtensibilityAddIns) = postSolution
	EndGlobalSection
EndGlobal
